
Microsoft Visual Studio Solution File, Format Version 12.00
# Visual Studio Version 16
VisualStudioVersion = 16.0.29025.244
MinimumVisualStudioVersion = 10.0.40219.1
Project("{FAE04EC0-301F-11D3-BF4B-00C04F79EFBC}") = "GDMENUCardManager", "GDMENUCardManager\GDMENUCardManager.csproj", "{A420D79C-206A-4FB8-983A-2009DD564F6C}"
EndProject
Global
	GlobalSection(SolutionConfigurationPlatforms) = preSolution
		Debug|Any CPU = Debug|Any CPU
		Release|Any CPU = Release|Any CPU
	EndGlobalSection
	GlobalSection(ProjectConfigurationPlatforms) = postSolution
		{A420D79C-206A-4FB8-983A-2009DD564F6C}.Debug|Any CPU.ActiveCfg = Debug|Any CPU
		{A420D79C-206A-4FB8-983A-2009DD564F6C}.Debug|Any CPU.Build.0 = Debug|Any CPU
		{A420D79C-206A-4FB8-983A-2009DD564F6C}.Release|Any CPU.ActiveCfg = Release|Any CPU
		{A420D79C-206A-4FB8-983A-2009DD564F6C}.Release|Any CPU.Build.0 = Release|Any CPU
	EndGlobalSection
	GlobalSection(SolutionProperties) = preSolution
		HideSolutionNode = FALSE
	EndGlobalSection
	GlobalSection(ExtensibilityGlobals) = postSolution
		SolutionGuid = {F61D357E-97E7-4308-AD29-524DABB28673}
	EndGlobalSection
EndGlobal
