
Microsoft Visual Studio Solution File, Format Version 12.00
# Visual Studio Version 16
VisualStudioVersion = 16.0.30717.126
MinimumVisualStudioVersion = 10.0.40219.1
Project("{9A19103F-16F7-4668-BE54-9A1E7A4F7556}") = "GDMENUCardManager", "GDMENUCardManager\GDMENUCardManager.csproj", "{51C47DCA-0E40-4755-B55C-7D4013E06593}"
EndProject
Project("{9A19103F-16F7-4668-BE54-9A1E7A4F7556}") = "GDMENUCardManager.Core", "GDMENUCardManager.Core\GDMENUCardManager.Core.csproj", "{31BEC374-3ABC-43F6-A88F-EA0931D17328}"
EndProject
Project("{9A19103F-16F7-4668-BE54-9A1E7A4F7556}") = "GDMENUCardManager.AvaloniaUI", "GDMENUCardManager.AvaloniaUI\GDMENUCardManager.AvaloniaUI.csproj", "{C1D5916D-0017-4A7E-AB3C-5AE5B4AFF579}"
EndProject
Global
	GlobalSection(SolutionConfigurationPlatforms) = preSolution
		Debug|Any CPU = Debug|Any CPU
		Release|Any CPU = Release|Any CPU
	EndGlobalSection
	GlobalSection(ProjectConfigurationPlatforms) = postSolution
		{51C47DCA-0E40-4755-B55C-7D4013E06593}.Debug|Any CPU.ActiveCfg = Debug|Any CPU
		{51C47DCA-0E40-4755-B55C-7D4013E06593}.Debug|Any CPU.Build.0 = Debug|Any CPU
		{51C47DCA-0E40-4755-B55C-7D4013E06593}.Release|Any CPU.ActiveCfg = Release|Any CPU
		{51C47DCA-0E40-4755-B55C-7D4013E06593}.Release|Any CPU.Build.0 = Release|Any CPU
		{31BEC374-3ABC-43F6-A88F-EA0931D17328}.Debug|Any CPU.ActiveCfg = Debug|Any CPU
		{31BEC374-3ABC-43F6-A88F-EA0931D17328}.Debug|Any CPU.Build.0 = Debug|Any CPU
		{31BEC374-3ABC-43F6-A88F-EA0931D17328}.Release|Any CPU.ActiveCfg = Release|Any CPU
		{31BEC374-3ABC-43F6-A88F-EA0931D17328}.Release|Any CPU.Build.0 = Release|Any CPU
		{C1D5916D-0017-4A7E-AB3C-5AE5B4AFF579}.Debug|Any CPU.ActiveCfg = Debug|Any CPU
		{C1D5916D-0017-4A7E-AB3C-5AE5B4AFF579}.Debug|Any CPU.Build.0 = Debug|Any CPU
		{C1D5916D-0017-4A7E-AB3C-5AE5B4AFF579}.Release|Any CPU.ActiveCfg = Release|Any CPU
		{C1D5916D-0017-4A7E-AB3C-5AE5B4AFF579}.Release|Any CPU.Build.0 = Release|Any CPU
	EndGlobalSection
	GlobalSection(SolutionProperties) = preSolution
		HideSolutionNode = FALSE
	EndGlobalSection
	GlobalSection(ExtensibilityGlobals) = postSolution
		SolutionGuid = {CF502358-FF63-4907-8004-45354CCBFC3D}
	EndGlobalSection
EndGlobal
